// !$*UTF8*$!
{
	archiveVersion = 1;
	classes = {
	};
	objectVersion = 56;
	objects = {

/* Begin PBXBuildFile section */
		70A2E6FC1A082C99C6747BF2 /* Pods_cool_chat.framework in Frameworks */ = {isa = PBXBuildFile; fileRef = B93E082A85EEBBC9B8F474E1 /* Pods_cool_chat.framework */; };
		FB0EE533298D7AE4003C4A1F /* GoogleService-Info.plist in Resources */ = {isa = PBXBuildFile; fileRef = FB0EE532298D7AE4003C4A1F /* GoogleService-Info.plist */; };
		FB0EE535298D7C95003C4A1F /* Constants.swift in Sources */ = {isa = PBXBuildFile; fileRef = FB0EE534298D7C95003C4A1F /* Constants.swift */; };
		FB0EE538298D8DFD003C4A1F /* RegisterViewController.swift in Sources */ = {isa = PBXBuildFile; fileRef = FB0EE537298D8DFD003C4A1F /* RegisterViewController.swift */; };
		FB0EE53A298D8E2D003C4A1F /* LogInViewController.swift in Sources */ = {isa = PBXBuildFile; fileRef = FB0EE539298D8E2D003C4A1F /* LogInViewController.swift */; };
		FB0EE53C298EA3FA003C4A1F /* ContactListViewController.swift in Sources */ = {isa = PBXBuildFile; fileRef = FB0EE53B298EA3FA003C4A1F /* ContactListViewController.swift */; };
		FB0EE542298ECC9F003C4A1F /* AddFriendViewController.swift in Sources */ = {isa = PBXBuildFile; fileRef = FB0EE541298ECC9F003C4A1F /* AddFriendViewController.swift */; };
		FB4ABD6329916F85006C7B59 /* ConversationViewController.swift in Sources */ = {isa = PBXBuildFile; fileRef = FB4ABD6229916F85006C7B59 /* ConversationViewController.swift */; };
		FB4ABD65299171A2006C7B59 /* ConversationCell.swift in Sources */ = {isa = PBXBuildFile; fileRef = FB4ABD64299171A2006C7B59 /* ConversationCell.swift */; };
		FB4ABD672991A961006C7B59 /* Message.swift in Sources */ = {isa = PBXBuildFile; fileRef = FB4ABD662991A961006C7B59 /* Message.swift */; };
		FB51193D298D3C2C00275A1F /* AppDelegate.swift in Sources */ = {isa = PBXBuildFile; fileRef = FB51193C298D3C2C00275A1F /* AppDelegate.swift */; };
		FB51193F298D3C2C00275A1F /* SceneDelegate.swift in Sources */ = {isa = PBXBuildFile; fileRef = FB51193E298D3C2C00275A1F /* SceneDelegate.swift */; };
		FB511941298D3C2C00275A1F /* WelcomeViewController.swift in Sources */ = {isa = PBXBuildFile; fileRef = FB511940298D3C2C00275A1F /* WelcomeViewController.swift */; };
		FB511944298D3C2C00275A1F /* Main.storyboard in Resources */ = {isa = PBXBuildFile; fileRef = FB511942298D3C2C00275A1F /* Main.storyboard */; };
		FB511946298D3C2C00275A1F /* Assets.xcassets in Resources */ = {isa = PBXBuildFile; fileRef = FB511945298D3C2C00275A1F /* Assets.xcassets */; };
		FB511949298D3C2C00275A1F /* LaunchScreen.storyboard in Resources */ = {isa = PBXBuildFile; fileRef = FB511947298D3C2C00275A1F /* LaunchScreen.storyboard */; };
/* End PBXBuildFile section */

/* Begin PBXFileReference section */
		0CD8FBAA313A8EA2B4D76F4B /* Pods-cool chat.debug.xcconfig */ = {isa = PBXFileReference; includeInIndex = 1; lastKnownFileType = text.xcconfig; name = "Pods-cool chat.debug.xcconfig"; path = "Target Support Files/Pods-cool chat/Pods-cool chat.debug.xcconfig"; sourceTree = "<group>"; };
		399C2F239E95820273DB9F4C /* Pods-cool chat.release.xcconfig */ = {isa = PBXFileReference; includeInIndex = 1; lastKnownFileType = text.xcconfig; name = "Pods-cool chat.release.xcconfig"; path = "Target Support Files/Pods-cool chat/Pods-cool chat.release.xcconfig"; sourceTree = "<group>"; };
		B93E082A85EEBBC9B8F474E1 /* Pods_cool_chat.framework */ = {isa = PBXFileReference; explicitFileType = wrapper.framework; includeInIndex = 0; path = Pods_cool_chat.framework; sourceTree = BUILT_PRODUCTS_DIR; };
		FB0EE532298D7AE4003C4A1F /* GoogleService-Info.plist */ = {isa = PBXFileReference; fileEncoding = 4; lastKnownFileType = text.plist.xml; path = "GoogleService-Info.plist"; sourceTree = "<group>"; };
		FB0EE534298D7C95003C4A1F /* Constants.swift */ = {isa = PBXFileReference; lastKnownFileType = sourcecode.swift; path = Constants.swift; sourceTree = "<group>"; };
		FB0EE537298D8DFD003C4A1F /* RegisterViewController.swift */ = {isa = PBXFileReference; lastKnownFileType = sourcecode.swift; path = RegisterViewController.swift; sourceTree = "<group>"; };
		FB0EE539298D8E2D003C4A1F /* LogInViewController.swift */ = {isa = PBXFileReference; lastKnownFileType = sourcecode.swift; path = LogInViewController.swift; sourceTree = "<group>"; };
		FB0EE53B298EA3FA003C4A1F /* ContactListViewController.swift */ = {isa = PBXFileReference; lastKnownFileType = sourcecode.swift; path = ContactListViewController.swift; sourceTree = "<group>"; };
		FB0EE541298ECC9F003C4A1F /* AddFriendViewController.swift */ = {isa = PBXFileReference; lastKnownFileType = sourcecode.swift; path = AddFriendViewController.swift; sourceTree = "<group>"; };
		FB4ABD6229916F85006C7B59 /* ConversationViewController.swift */ = {isa = PBXFileReference; lastKnownFileType = sourcecode.swift; path = ConversationViewController.swift; sourceTree = "<group>"; };
		FB4ABD64299171A2006C7B59 /* ConversationCell.swift */ = {isa = PBXFileReference; lastKnownFileType = sourcecode.swift; path = ConversationCell.swift; sourceTree = "<group>"; };
		FB4ABD662991A961006C7B59 /* Message.swift */ = {isa = PBXFileReference; lastKnownFileType = sourcecode.swift; path = Message.swift; sourceTree = "<group>"; };
		FB511939298D3C2C00275A1F /* cool chat.app */ = {isa = PBXFileReference; explicitFileType = wrapper.application; includeInIndex = 0; path = "cool chat.app"; sourceTree = BUILT_PRODUCTS_DIR; };
		FB51193C298D3C2C00275A1F /* AppDelegate.swift */ = {isa = PBXFileReference; lastKnownFileType = sourcecode.swift; path = AppDelegate.swift; sourceTree = "<group>"; };
		FB51193E298D3C2C00275A1F /* SceneDelegate.swift */ = {isa = PBXFileReference; lastKnownFileType = sourcecode.swift; path = SceneDelegate.swift; sourceTree = "<group>"; };
		FB511940298D3C2C00275A1F /* WelcomeViewController.swift */ = {isa = PBXFileReference; lastKnownFileType = sourcecode.swift; path = WelcomeViewController.swift; sourceTree = "<group>"; };
		FB511943298D3C2C00275A1F /* Base */ = {isa = PBXFileReference; lastKnownFileType = file.storyboard; name = Base; path = Base.lproj/Main.storyboard; sourceTree = "<group>"; };
		FB511945298D3C2C00275A1F /* Assets.xcassets */ = {isa = PBXFileReference; lastKnownFileType = folder.assetcatalog; path = Assets.xcassets; sourceTree = "<group>"; };
		FB511948298D3C2C00275A1F /* Base */ = {isa = PBXFileReference; lastKnownFileType = file.storyboard; name = Base; path = Base.lproj/LaunchScreen.storyboard; sourceTree = "<group>"; };
		FB51194A298D3C2C00275A1F /* Info.plist */ = {isa = PBXFileReference; lastKnownFileType = text.plist.xml; path = Info.plist; sourceTree = "<group>"; };
/* End PBXFileReference section */

/* Begin PBXFrameworksBuildPhase section */
		FB511936298D3C2C00275A1F /* Frameworks */ = {
			isa = PBXFrameworksBuildPhase;
			buildActionMask = 2147483647;
			files = (
				70A2E6FC1A082C99C6747BF2 /* Pods_cool_chat.framework in Frameworks */,
			);
			runOnlyForDeploymentPostprocessing = 0;
		};
/* End PBXFrameworksBuildPhase section */

/* Begin PBXGroup section */
		40C3B09B5C1BE8133B6B9A3A /* Frameworks */ = {
			isa = PBXGroup;
			children = (
				B93E082A85EEBBC9B8F474E1 /* Pods_cool_chat.framework */,
			);
			name = Frameworks;
			sourceTree = "<group>";
		};
		779AEA4B144726513312FB9C /* Pods */ = {
			isa = PBXGroup;
			children = (
				0CD8FBAA313A8EA2B4D76F4B /* Pods-cool chat.debug.xcconfig */,
				399C2F239E95820273DB9F4C /* Pods-cool chat.release.xcconfig */,
			);
			path = Pods;
			sourceTree = "<group>";
		};
		FB0EE536298D8DCB003C4A1F /* Controllers */ = {
			isa = PBXGroup;
			children = (
				FB511940298D3C2C00275A1F /* WelcomeViewController.swift */,
				FB0EE537298D8DFD003C4A1F /* RegisterViewController.swift */,
				FB0EE539298D8E2D003C4A1F /* LogInViewController.swift */,
				FB0EE53B298EA3FA003C4A1F /* ContactListViewController.swift */,
				FB0EE541298ECC9F003C4A1F /* AddFriendViewController.swift */,
				FB4ABD6229916F85006C7B59 /* ConversationViewController.swift */,
			);
			path = Controllers;
			sourceTree = "<group>";
		};
		FB0EE53D298EB0CA003C4A1F /* Views */ = {
			isa = PBXGroup;
			children = (
				FB511942298D3C2C00275A1F /* Main.storyboard */,
			);
			path = Views;
			sourceTree = "<group>";
		};
		FB0EE53E298EB0E2003C4A1F /* Models */ = {
			isa = PBXGroup;
			children = (
				FB4ABD64299171A2006C7B59 /* ConversationCell.swift */,
				FB4ABD662991A961006C7B59 /* Message.swift */,
			);
			path = Models;
			sourceTree = "<group>";
		};
		FB511930298D3C2C00275A1F = {
			isa = PBXGroup;
			children = (
				FB51193B298D3C2C00275A1F /* cool chat */,
				FB51193A298D3C2C00275A1F /* Products */,
				779AEA4B144726513312FB9C /* Pods */,
				40C3B09B5C1BE8133B6B9A3A /* Frameworks */,
			);
			sourceTree = "<group>";
		};
		FB51193A298D3C2C00275A1F /* Products */ = {
			isa = PBXGroup;
			children = (
				FB511939298D3C2C00275A1F /* cool chat.app */,
			);
			name = Products;
			sourceTree = "<group>";
		};
		FB51193B298D3C2C00275A1F /* cool chat */ = {
			isa = PBXGroup;
			children = (
				FB0EE53E298EB0E2003C4A1F /* Models */,
				FB0EE53D298EB0CA003C4A1F /* Views */,
				FB51193C298D3C2C00275A1F /* AppDelegate.swift */,
				FB51193E298D3C2C00275A1F /* SceneDelegate.swift */,
				FB0EE536298D8DCB003C4A1F /* Controllers */,
				FB511945298D3C2C00275A1F /* Assets.xcassets */,
				FB511947298D3C2C00275A1F /* LaunchScreen.storyboard */,
				FB51194A298D3C2C00275A1F /* Info.plist */,
				FB0EE532298D7AE4003C4A1F /* GoogleService-Info.plist */,
				FB0EE534298D7C95003C4A1F /* Constants.swift */,
			);
			path = "cool chat";
			sourceTree = "<group>";
		};
/* End PBXGroup section */

/* Begin PBXNativeTarget section */
		FB511938298D3C2C00275A1F /* cool chat */ = {
			isa = PBXNativeTarget;
			buildConfigurationList = FB51194D298D3C2C00275A1F /* Build configuration list for PBXNativeTarget "cool chat" */;
			buildPhases = (
				40EE01FCFA23CE139C744EBF /* [CP] Check Pods Manifest.lock */,
				FB511935298D3C2C00275A1F /* Sources */,
				FB511936298D3C2C00275A1F /* Frameworks */,
				FB511937298D3C2C00275A1F /* Resources */,
				E34A48F97BAB6B10D6D9CDC5 /* [CP] Embed Pods Frameworks */,
			);
			buildRules = (
			);
			dependencies = (
			);
			name = "cool chat";
			productName = "cool chat";
			productReference = FB511939298D3C2C00275A1F /* cool chat.app */;
			productType = "com.apple.product-type.application";
		};
/* End PBXNativeTarget section */

/* Begin PBXProject section */
		FB511931298D3C2C00275A1F /* Project object */ = {
			isa = PBXProject;
			attributes = {
				BuildIndependentTargetsInParallel = 1;
				LastSwiftUpdateCheck = 1420;
				LastUpgradeCheck = 1420;
				TargetAttributes = {
					FB511938298D3C2C00275A1F = {
						CreatedOnToolsVersion = 14.2;
					};
				};
			};
			buildConfigurationList = FB511934298D3C2C00275A1F /* Build configuration list for PBXProject "cool chat" */;
			compatibilityVersion = "Xcode 14.0";
			developmentRegion = en;
			hasScannedForEncodings = 0;
			knownRegions = (
				en,
				Base,
			);
			mainGroup = FB511930298D3C2C00275A1F;
			productRefGroup = FB51193A298D3C2C00275A1F /* Products */;
			projectDirPath = "";
			projectRoot = "";
			targets = (
				FB511938298D3C2C00275A1F /* cool chat */,
			);
		};
/* End PBXProject section */

/* Begin PBXResourcesBuildPhase section */
		FB511937298D3C2C00275A1F /* Resources */ = {
			isa = PBXResourcesBuildPhase;
			buildActionMask = 2147483647;
			files = (
				FB511949298D3C2C00275A1F /* LaunchScreen.storyboard in Resources */,
				FB0EE533298D7AE4003C4A1F /* GoogleService-Info.plist in Resources */,
				FB511946298D3C2C00275A1F /* Assets.xcassets in Resources */,
				FB511944298D3C2C00275A1F /* Main.storyboard in Resources */,
			);
			runOnlyForDeploymentPostprocessing = 0;
		};
/* End PBXResourcesBuildPhase section */

/* Begin PBXShellScriptBuildPhase section */
		40EE01FCFA23CE139C744EBF /* [CP] Check Pods Manifest.lock */ = {
			isa = PBXShellScriptBuildPhase;
			buildActionMask = 2147483647;
			files = (
			);
			inputFileListPaths = (
			);
			inputPaths = (
				"${PODS_PODFILE_DIR_PATH}/Podfile.lock",
				"${PODS_ROOT}/Manifest.lock",
			);
			name = "[CP] Check Pods Manifest.lock";
			outputFileListPaths = (
			);
			outputPaths = (
				"$(DERIVED_FILE_DIR)/Pods-cool chat-checkManifestLockResult.txt",
			);
			runOnlyForDeploymentPostprocessing = 0;
			shellPath = /bin/sh;
			shellScript = "diff \"${PODS_PODFILE_DIR_PATH}/Podfile.lock\" \"${PODS_ROOT}/Manifest.lock\" > /dev/null\nif [ $? != 0 ] ; then\n    # print error to STDERR\n    echo \"error: The sandbox is not in sync with the Podfile.lock. Run 'pod install' or update your CocoaPods installation.\" >&2\n    exit 1\nfi\n# This output is used by Xcode 'outputs' to avoid re-running this script phase.\necho \"SUCCESS\" > \"${SCRIPT_OUTPUT_FILE_0}\"\n";
			showEnvVarsInLog = 0;
		};
		E34A48F97BAB6B10D6D9CDC5 /* [CP] Embed Pods Frameworks */ = {
			isa = PBXShellScriptBuildPhase;
			buildActionMask = 2147483647;
			files = (
			);
			inputFileListPaths = (
				"${PODS_ROOT}/Target Support Files/Pods-cool chat/Pods-cool chat-frameworks-${CONFIGURATION}-input-files.xcfilelist",
			);
			name = "[CP] Embed Pods Frameworks";
			outputFileListPaths = (
				"${PODS_ROOT}/Target Support Files/Pods-cool chat/Pods-cool chat-frameworks-${CONFIGURATION}-output-files.xcfilelist",
			);
			runOnlyForDeploymentPostprocessing = 0;
			shellPath = /bin/sh;
			shellScript = "\"${PODS_ROOT}/Target Support Files/Pods-cool chat/Pods-cool chat-frameworks.sh\"\n";
			showEnvVarsInLog = 0;
		};
/* End PBXShellScriptBuildPhase section */

/* Begin PBXSourcesBuildPhase section */
		FB511935298D3C2C00275A1F /* Sources */ = {
			isa = PBXSourcesBuildPhase;
			buildActionMask = 2147483647;
			files = (
				FB0EE542298ECC9F003C4A1F /* AddFriendViewController.swift in Sources */,
				FB511941298D3C2C00275A1F /* WelcomeViewController.swift in Sources */,
				FB4ABD6329916F85006C7B59 /* ConversationViewController.swift in Sources */,
				FB0EE538298D8DFD003C4A1F /* RegisterViewController.swift in Sources */,
				FB4ABD65299171A2006C7B59 /* ConversationCell.swift in Sources */,
				FB0EE53A298D8E2D003C4A1F /* LogInViewController.swift in Sources */,
				FB4ABD672991A961006C7B59 /* Message.swift in Sources */,
				FB51193D298D3C2C00275A1F /* AppDelegate.swift in Sources */,
				FB51193F298D3C2C00275A1F /* SceneDelegate.swift in Sources */,
				FB0EE53C298EA3FA003C4A1F /* ContactListViewController.swift in Sources */,
				FB0EE535298D7C95003C4A1F /* Constants.swift in Sources */,
			);
			runOnlyForDeploymentPostprocessing = 0;
		};
/* End PBXSourcesBuildPhase section */

/* Begin PBXVariantGroup section */
		FB511942298D3C2C00275A1F /* Main.storyboard */ = {
			isa = PBXVariantGroup;
			children = (
				FB511943298D3C2C00275A1F /* Base */,
			);
			name = Main.storyboard;
			sourceTree = "<group>";
		};
		FB511947298D3C2C00275A1F /* LaunchScreen.storyboard */ = {
			isa = PBXVariantGroup;
			children = (
				FB511948298D3C2C00275A1F /* Base */,
			);
			name = LaunchScreen.storyboard;
			sourceTree = "<group>";
		};
/* End PBXVariantGroup section */

/* Begin XCBuildConfiguration section */
		FB51194B298D3C2C00275A1F /* Debug */ = {
			isa = XCBuildConfiguration;
			buildSettings = {
				ALWAYS_SEARCH_USER_PATHS = NO;
				CLANG_ANALYZER_NONNULL = YES;
				CLANG_ANALYZER_NUMBER_OBJECT_CONVERSION = YES_AGGRESSIVE;
				CLANG_CXX_LANGUAGE_STANDARD = "gnu++20";
				CLANG_ENABLE_MODULES = YES;
				CLANG_ENABLE_OBJC_ARC = YES;
				CLANG_ENABLE_OBJC_WEAK = YES;
				CLANG_WARN_BLOCK_CAPTURE_AUTORELEASING = YES;
				CLANG_WARN_BOOL_CONVERSION = YES;
				CLANG_WARN_COMMA = YES;
				CLANG_WARN_CONSTANT_CONVERSION = YES;
				CLANG_WARN_DEPRECATED_OBJC_IMPLEMENTATIONS = YES;
				CLANG_WARN_DIRECT_OBJC_ISA_USAGE = YES_ERROR;
				CLANG_WARN_DOCUMENTATION_COMMENTS = YES;
				CLANG_WARN_EMPTY_BODY = YES;
				CLANG_WARN_ENUM_CONVERSION = YES;
				CLANG_WARN_INFINITE_RECURSION = YES;
				CLANG_WARN_INT_CONVERSION = YES;
				CLANG_WARN_NON_LITERAL_NULL_CONVERSION = YES;
				CLANG_WARN_OBJC_IMPLICIT_RETAIN_SELF = YES;
				CLANG_WARN_OBJC_LITERAL_CONVERSION = YES;
				CLANG_WARN_OBJC_ROOT_CLASS = YES_ERROR;
				CLANG_WARN_QUOTED_INCLUDE_IN_FRAMEWORK_HEADER = YES;
				CLANG_WARN_RANGE_LOOP_ANALYSIS = YES;
				CLANG_WARN_STRICT_PROTOTYPES = YES;
				CLANG_WARN_SUSPICIOUS_MOVE = YES;
				CLANG_WARN_UNGUARDED_AVAILABILITY = YES_AGGRESSIVE;
				CLANG_WARN_UNREACHABLE_CODE = YES;
				CLANG_WARN__DUPLICATE_METHOD_MATCH = YES;
				COPY_PHASE_STRIP = NO;
				DEBUG_INFORMATION_FORMAT = dwarf;
				ENABLE_STRICT_OBJC_MSGSEND = YES;
				ENABLE_TESTABILITY = YES;
				GCC_C_LANGUAGE_STANDARD = gnu11;
				GCC_DYNAMIC_NO_PIC = NO;
				GCC_NO_COMMON_BLOCKS = YES;
				GCC_OPTIMIZATION_LEVEL = 0;
				GCC_PREPROCESSOR_DEFINITIONS = (
					"DEBUG=1",
					"$(inherited)",
				);
				GCC_WARN_64_TO_32_BIT_CONVERSION = YES;
				GCC_WARN_ABOUT_RETURN_TYPE = YES_ERROR;
				GCC_WARN_UNDECLARED_SELECTOR = YES;
				GCC_WARN_UNINITIALIZED_AUTOS = YES_AGGRESSIVE;
				GCC_WARN_UNUSED_FUNCTION = YES;
				GCC_WARN_UNUSED_VARIABLE = YES;
				IPHONEOS_DEPLOYMENT_TARGET = 16.2;
				MTL_ENABLE_DEBUG_INFO = INCLUDE_SOURCE;
				MTL_FAST_MATH = YES;
				ONLY_ACTIVE_ARCH = YES;
				SDKROOT = iphoneos;
				SWIFT_ACTIVE_COMPILATION_CONDITIONS = DEBUG;
				SWIFT_OPTIMIZATION_LEVEL = "-Onone";
			};
			name = Debug;
		};
		FB51194C298D3C2C00275A1F /* Release */ = {
			isa = XCBuildConfiguration;
			buildSettings = {
				ALWAYS_SEARCH_USER_PATHS = NO;
				CLANG_ANALYZER_NONNULL = YES;
				CLANG_ANALYZER_NUMBER_OBJECT_CONVERSION = YES_AGGRESSIVE;
				CLANG_CXX_LANGUAGE_STANDARD = "gnu++20";
				CLANG_ENABLE_MODULES = YES;
				CLANG_ENABLE_OBJC_ARC = YES;
				CLANG_ENABLE_OBJC_WEAK = YES;
				CLANG_WARN_BLOCK_CAPTURE_AUTORELEASING = YES;
				CLANG_WARN_BOOL_CONVERSION = YES;
				CLANG_WARN_COMMA = YES;
				CLANG_WARN_CONSTANT_CONVERSION = YES;
				CLANG_WARN_DEPRECATED_OBJC_IMPLEMENTATIONS = YES;
				CLANG_WARN_DIRECT_OBJC_ISA_USAGE = YES_ERROR;
				CLANG_WARN_DOCUMENTATION_COMMENTS = YES;
				CLANG_WARN_EMPTY_BODY = YES;
				CLANG_WARN_ENUM_CONVERSION = YES;
				CLANG_WARN_INFINITE_RECURSION = YES;
				CLANG_WARN_INT_CONVERSION = YES;
				CLANG_WARN_NON_LITERAL_NULL_CONVERSION = YES;
				CLANG_WARN_OBJC_IMPLICIT_RETAIN_SELF = YES;
				CLANG_WARN_OBJC_LITERAL_CONVERSION = YES;
				CLANG_WARN_OBJC_ROOT_CLASS = YES_ERROR;
				CLANG_WARN_QUOTED_INCLUDE_IN_FRAMEWORK_HEADER = YES;
				CLANG_WARN_RANGE_LOOP_ANALYSIS = YES;
				CLANG_WARN_STRICT_PROTOTYPES = YES;
				CLANG_WARN_SUSPICIOUS_MOVE = YES;
				CLANG_WARN_UNGUARDED_AVAILABILITY = YES_AGGRESSIVE;
				CLANG_WARN_UNREACHABLE_CODE = YES;
				CLANG_WARN__DUPLICATE_METHOD_MATCH = YES;
				COPY_PHASE_STRIP = NO;
				DEBUG_INFORMATION_FORMAT = "dwarf-with-dsym";
				ENABLE_NS_ASSERTIONS = NO;
				ENABLE_STRICT_OBJC_MSGSEND = YES;
				GCC_C_LANGUAGE_STANDARD = gnu11;
				GCC_NO_COMMON_BLOCKS = YES;
				GCC_WARN_64_TO_32_BIT_CONVERSION = YES;
				GCC_WARN_ABOUT_RETURN_TYPE = YES_ERROR;
				GCC_WARN_UNDECLARED_SELECTOR = YES;
				GCC_WARN_UNINITIALIZED_AUTOS = YES_AGGRESSIVE;
				GCC_WARN_UNUSED_FUNCTION = YES;
				GCC_WARN_UNUSED_VARIABLE = YES;
				IPHONEOS_DEPLOYMENT_TARGET = 16.2;
				MTL_ENABLE_DEBUG_INFO = NO;
				MTL_FAST_MATH = YES;
				SDKROOT = iphoneos;
				SWIFT_COMPILATION_MODE = wholemodule;
				SWIFT_OPTIMIZATION_LEVEL = "-O";
				VALIDATE_PRODUCT = YES;
			};
			name = Release;
		};
		FB51194E298D3C2C00275A1F /* Debug */ = {
			isa = XCBuildConfiguration;
			baseConfigurationReference = 0CD8FBAA313A8EA2B4D76F4B /* Pods-cool chat.debug.xcconfig */;
			buildSettings = {
				ASSETCATALOG_COMPILER_APPICON_NAME = AppIcon;
				ASSETCATALOG_COMPILER_GLOBAL_ACCENT_COLOR_NAME = AccentColor;
				CODE_SIGN_STYLE = Automatic;
				CURRENT_PROJECT_VERSION = 1;
				GENERATE_INFOPLIST_FILE = YES;
				INFOPLIST_FILE = "cool chat/Info.plist";
				INFOPLIST_KEY_UIApplicationSupportsIndirectInputEvents = YES;
				INFOPLIST_KEY_UILaunchStoryboardName = LaunchScreen;
				INFOPLIST_KEY_UIMainStoryboardFile = Main;
				INFOPLIST_KEY_UISupportedInterfaceOrientations_iPad = "UIInterfaceOrientationPortrait UIInterfaceOrientationPortraitUpsideDown UIInterfaceOrientationLandscapeLeft UIInterfaceOrientationLandscapeRight";
				INFOPLIST_KEY_UISupportedInterfaceOrientations_iPhone = "UIInterfaceOrientationPortrait UIInterfaceOrientationLandscapeLeft UIInterfaceOrientationLandscapeRight";
				IPHONEOS_DEPLOYMENT_TARGET = 13.0;
				LD_RUNPATH_SEARCH_PATHS = (
					"$(inherited)",
					"@executable_path/Frameworks",
				);
				MARKETING_VERSION = 1.0;
				PRODUCT_BUNDLE_IDENTIFIER = "com.raphroig.cool-chat";
				PRODUCT_NAME = "$(TARGET_NAME)";
				SWIFT_EMIT_LOC_STRINGS = YES;
				SWIFT_VERSION = 5.0;
				TARGETED_DEVICE_FAMILY = "1,2";
			};
			name = Debug;
		};
		FB51194F298D3C2C00275A1F /* Release */ = {
			isa = XCBuildConfiguration;
			baseConfigurationReference = 399C2F239E95820273DB9F4C /* Pods-cool chat.release.xcconfig */;
			buildSettings = {
				ASSETCATALOG_COMPILER_APPICON_NAME = AppIcon;
				ASSETCATALOG_COMPILER_GLOBAL_ACCENT_COLOR_NAME = AccentColor;
				CODE_SIGN_STYLE = Automatic;
				CURRENT_PROJECT_VERSION = 1;
				GENERATE_INFOPLIST_FILE = YES;
				INFOPLIST_FILE = "cool chat/Info.plist";
				INFOPLIST_KEY_UIApplicationSupportsIndirectInputEvents = YES;
				INFOPLIST_KEY_UILaunchStoryboardName = LaunchScreen;
				INFOPLIST_KEY_UIMainStoryboardFile = Main;
				INFOPLIST_KEY_UISupportedInterfaceOrientations_iPad = "UIInterfaceOrientationPortrait UIInterfaceOrientationPortraitUpsideDown UIInterfaceOrientationLandscapeLeft UIInterfaceOrientationLandscapeRight";
				INFOPLIST_KEY_UISupportedInterfaceOrientations_iPhone = "UIInterfaceOrientationPortrait UIInterfaceOrientationLandscapeLeft UIInterfaceOrientationLandscapeRight";
				IPHONEOS_DEPLOYMENT_TARGET = 13.0;
				LD_RUNPATH_SEARCH_PATHS = (
					"$(inherited)",
					"@executable_path/Frameworks",
				);
				MARKETING_VERSION = 1.0;
				PRODUCT_BUNDLE_IDENTIFIER = "com.raphroig.cool-chat";
				PRODUCT_NAME = "$(TARGET_NAME)";
				SWIFT_EMIT_LOC_STRINGS = YES;
				SWIFT_VERSION = 5.0;
				TARGETED_DEVICE_FAMILY = "1,2";
			};
			name = Release;
		};
/* End XCBuildConfiguration section */

/* Begin XCConfigurationList section */
		FB511934298D3C2C00275A1F /* Build configuration list for PBXProject "cool chat" */ = {
			isa = XCConfigurationList;
			buildConfigurations = (
				FB51194B298D3C2C00275A1F /* Debug */,
				FB51194C298D3C2C00275A1F /* Release */,
			);
			defaultConfigurationIsVisible = 0;
			defaultConfigurationName = Release;
		};
		FB51194D298D3C2C00275A1F /* Build configuration list for PBXNativeTarget "cool chat" */ = {
			isa = XCConfigurationList;
			buildConfigurations = (
				FB51194E298D3C2C00275A1F /* Debug */,
				FB51194F298D3C2C00275A1F /* Release */,
			);
			defaultConfigurationIsVisible = 0;
			defaultConfigurationName = Release;
		};
/* End XCConfigurationList section */
	};
	rootObject = FB511931298D3C2C00275A1F /* Project object */;
}
